github.com/go-openapi/errors v0.21.0/go.mod h1:jxNTMUxRCKj65yb/okJGEtahVd7uvWnuWfj53bse4ho=
github.com/go-openapi/loads v0.21.5/go.mod h1:PxTsnFBoBe+z89riT+wYt3prmSBP6GDAQh2l9H1Flz8=
github.com/go-openapi/runtime v0.26.2/go.mod h1:O034jyRZ557uJKzngbMDJXkcKJVzXJiymdSfgejrcRw=
github.com/go-openapi/spec v0.20.14/go.mod h1:8EOhTpBoFiask8rrgwbLC3zmJfz4zsCUueRuPM6GNkw=
github.com/go-openapi/strfmt v0.21.10/go.mod h1:vNDMwbilnl7xKiO/Ve/8H8Bb2JIInBnH+lqiw6QWgis=
github.com/go-openapi/swag v0.22.9/go.mod h1:3/OXnFfnMAwBD099SwYRk7GD3xOrr1iL7d/XNLXVVwE=
github.com/go-openapi/validate v0.22.6/go.mod h1:eaddXSqKeTg5XpSmj1dYyFTK/95n/XHwcOY+BMxKMyM=
github.com/gorilla/mux v1.8.1 h1:TuBL49tXwgrFYWhqrNgrUNEY92u81SPhu7sTdzQEiWY=
github.com/gorilla/mux v1.8.1/go.mod h1:AKf9I4AEqPTmMytcMc0KkNouC66V3BtZ4qD5fmWSiMQ=
github.com/mattn/go-sqlite3 v1.14.28 h1:ThEiQrnbtumT+QMknw63Befp/ce/nUPgBPMlRFEum7A=
github.com/mattn/go-sqlite3 v1.14.28/go.mod h1:Uh1q+B4BYcTPb+yiD3kU8Ct7aC0hY9fxUwlHK0RXw+Y=
